{
    "_readme": [
        "This file locks the dependencies of your project to a known state",
        "Read more about it at https://getcomposer.org/doc/01-basic-usage.md#installing-dependencies",
        "This file is @generated automatically"
    ],
    "content-hash": "08da09bda6e2329da9d7cd56b7790e41",
    "packages": [
        {
            "name": "php-boot/http",
            "version": "dev-master",
            "dist": {
                "type": "path",
                "url": "/home/wout/Documents/php-boot/Framework/Components/Http",
                "reference": "4c7372bd7ed3be5ed87e8f184788a57d0d1ca13a"
            },
            "require": {
                "php": ">=8.3",
                "php-boot/utils": "@dev"
            },
            "type": "library",
            "autoload": {
                "psr-4": {
                    "PhpBoot\\Http\\": "src/"
                }
            },
            "license": [
                "MIT"
            ],
            "transport-options": {
                "relative": false
            }
        },
        {
            "name": "php-boot/utils",
            "version": "dev-master",
            "dist": {
                "type": "path",
                "url": "/home/wout/Documents/php-boot/Framework/Components/Utils",
                "reference": "200881f44757f5fde696cca25ef34728e9368b60"
            },
            "require": {
                "ext-fileinfo": "*",
                "php": ">=8.3"
            },
            "type": "library",
            "autoload": {
                "psr-4": {
                    "PhpBoot\\Utils\\": "src/"
                }
            },
            "license": [
                "MIT"
            ],
            "transport-options": {
                "relative": false
            }
        }
    ],
    "packages-dev": [],
    "aliases": [],
    "minimum-stability": "dev",
    "stability-flags": {
        "php-boot/http": 20
    },
    "prefer-stable": false,
    "prefer-lowest": false,
    "platform": {
        "php": ">=8.3"
    },
    "platform-dev": [],
    "plugin-api-version": "2.6.0"
}
